
Microsoft Visual Studio Solution File, Format Version 12.00
# Visual Studio Version 17
VisualStudioVersion = 17.10.35004.147
MinimumVisualStudioVersion = 10.0.40219.1
Project("{8BC9CEB8-8B4A-11D0-8D11-00A0C91BC942}") = "bai17_MayATM", "bai17_MayATM\bai17_MayATM.vcxproj", "{638F2618-600F-449E-9A93-0194BC44FEE7}"
EndProject
Global
	GlobalSection(SolutionConfigurationPlatforms) = preSolution
		Debug|x64 = Debug|x64
		Debug|x86 = Debug|x86
		Release|x64 = Release|x64
		Release|x86 = Release|x86
	EndGlobalSection
	GlobalSection(ProjectConfigurationPlatforms) = postSolution
		{638F2618-600F-449E-9A93-0194BC44FEE7}.Debug|x64.ActiveCfg = Debug|x64
		{638F2618-600F-449E-9A93-0194BC44FEE7}.Debug|x64.Build.0 = Debug|x64
		{638F2618-600F-449E-9A93-0194BC44FEE7}.Debug|x86.ActiveCfg = Debug|Win32
		{638F2618-600F-449E-9A93-0194BC44FEE7}.Debug|x86.Build.0 = Debug|Win32
		{638F2618-600F-449E-9A93-0194BC44FEE7}.Release|x64.ActiveCfg = Release|x64
		{638F2618-600F-449E-9A93-0194BC44FEE7}.Release|x64.Build.0 = Release|x64
		{638F2618-600F-449E-9A93-0194BC44FEE7}.Release|x86.ActiveCfg = Release|Win32
		{638F2618-600F-449E-9A93-0194BC44FEE7}.Release|x86.Build.0 = Release|Win32
	EndGlobalSection
	GlobalSection(SolutionProperties) = preSolution
		HideSolutionNode = FALSE
	EndGlobalSection
	GlobalSection(ExtensibilityGlobals) = postSolution
		SolutionGuid = {2807E51D-D51C-4C6A-AC7D-553E079B62C9}
	EndGlobalSection
EndGlobal
